
Microsoft Visual Studio Solution File, Format Version 12.00
# Visual Studio Version 17
VisualStudioVersion = 17.2.32616.157
MinimumVisualStudioVersion = 10.0.40219.1
Project("{9A19103F-16F7-4668-BE54-9A1E7A4F7556}") = "TpCrudAsp1", "TpCrudAsp\TpCrudAsp1.csproj", "{56B4602F-AD0D-44B7-8B64-2916EE5D8392}"
EndProject
Global
	GlobalSection(SolutionConfigurationPlatforms) = preSolution
		Debug|Any CPU = Debug|Any CPU
		Release|Any CPU = Release|Any CPU
	EndGlobalSection
	GlobalSection(ProjectConfigurationPlatforms) = postSolution
		{56B4602F-AD0D-44B7-8B64-2916EE5D8392}.Debug|Any CPU.ActiveCfg = Debug|Any CPU
		{56B4602F-AD0D-44B7-8B64-2916EE5D8392}.Debug|Any CPU.Build.0 = Debug|Any CPU
		{56B4602F-AD0D-44B7-8B64-2916EE5D8392}.Release|Any CPU.ActiveCfg = Release|Any CPU
		{56B4602F-AD0D-44B7-8B64-2916EE5D8392}.Release|Any CPU.Build.0 = Release|Any CPU
	EndGlobalSection
	GlobalSection(SolutionProperties) = preSolution
		HideSolutionNode = FALSE
	EndGlobalSection
	GlobalSection(ExtensibilityGlobals) = postSolution
		SolutionGuid = {F011E392-4BA6-45BE-8981-22A0609B99DF}
	EndGlobalSection
EndGlobal
